
Microsoft Visual Studio Solution File, Format Version 12.00
# Visual Studio Version 17
VisualStudioVersion = 17.0.31903.59
MinimumVisualStudioVersion = 10.0.40219.1
Project("{FAE04EC0-301F-11D3-BF4B-00C04F79EFBC}") = "AdventureWorks.Context", "AdventureWorks.Context\AdventureWorks.Context.csproj", "{9AB820B6-E79B-627C-2428-ABB37D06CCC7}"
EndProject
Project("{FAE04EC0-301F-11D3-BF4B-00C04F79EFBC}") = "AdventureWorks.Models", "AdventureWorks.Models\AdventureWorks.Models.csproj", "{78A6B4EC-82A6-1802-6ABE-8E98C4E0DA04}"
EndProject
Project("{FAE04EC0-301F-11D3-BF4B-00C04F79EFBC}") = "AdventureWorks.Upload", "AdventureWorks.Upload\AdventureWorks.Upload.csproj", "{14581E99-9DAC-5355-FFB4-E612DF3F8EF8}"
EndProject
Project("{FAE04EC0-301F-11D3-BF4B-00C04F79EFBC}") = "AdventureWorks.Web", "AdventureWorks.Web\AdventureWorks.Web.csproj", "{34684A8C-85CC-2A50-4847-D8131D64B3D3}"
EndProject
Global
	GlobalSection(SolutionConfigurationPlatforms) = preSolution
		Debug|Any CPU = Debug|Any CPU
		Release|Any CPU = Release|Any CPU
	EndGlobalSection
	GlobalSection(ProjectConfigurationPlatforms) = postSolution
		{9AB820B6-E79B-627C-2428-ABB37D06CCC7}.Debug|Any CPU.ActiveCfg = Debug|Any CPU
		{9AB820B6-E79B-627C-2428-ABB37D06CCC7}.Debug|Any CPU.Build.0 = Debug|Any CPU
		{9AB820B6-E79B-627C-2428-ABB37D06CCC7}.Release|Any CPU.ActiveCfg = Release|Any CPU
		{9AB820B6-E79B-627C-2428-ABB37D06CCC7}.Release|Any CPU.Build.0 = Release|Any CPU
		{78A6B4EC-82A6-1802-6ABE-8E98C4E0DA04}.Debug|Any CPU.ActiveCfg = Debug|Any CPU
		{78A6B4EC-82A6-1802-6ABE-8E98C4E0DA04}.Debug|Any CPU.Build.0 = Debug|Any CPU
		{78A6B4EC-82A6-1802-6ABE-8E98C4E0DA04}.Release|Any CPU.ActiveCfg = Release|Any CPU
		{78A6B4EC-82A6-1802-6ABE-8E98C4E0DA04}.Release|Any CPU.Build.0 = Release|Any CPU
		{14581E99-9DAC-5355-FFB4-E612DF3F8EF8}.Debug|Any CPU.ActiveCfg = Debug|Any CPU
		{14581E99-9DAC-5355-FFB4-E612DF3F8EF8}.Debug|Any CPU.Build.0 = Debug|Any CPU
		{14581E99-9DAC-5355-FFB4-E612DF3F8EF8}.Release|Any CPU.ActiveCfg = Release|Any CPU
		{14581E99-9DAC-5355-FFB4-E612DF3F8EF8}.Release|Any CPU.Build.0 = Release|Any CPU
		{34684A8C-85CC-2A50-4847-D8131D64B3D3}.Debug|Any CPU.ActiveCfg = Debug|Any CPU
		{34684A8C-85CC-2A50-4847-D8131D64B3D3}.Debug|Any CPU.Build.0 = Debug|Any CPU
		{34684A8C-85CC-2A50-4847-D8131D64B3D3}.Release|Any CPU.ActiveCfg = Release|Any CPU
		{34684A8C-85CC-2A50-4847-D8131D64B3D3}.Release|Any CPU.Build.0 = Release|Any CPU
	EndGlobalSection
	GlobalSection(SolutionProperties) = preSolution
		HideSolutionNode = FALSE
	EndGlobalSection
EndGlobal
