
Microsoft Visual Studio Solution File, Format Version 12.00
# Visual Studio Version 17
VisualStudioVersion = 17.14.36203.30 d17.14
MinimumVisualStudioVersion = 10.0.40219.1
Project("{FAE04EC0-301F-11D3-BF4B-00C04F79EFBC}") = "ClientApi", "ClientApi\ClientApi.csproj", "{4923F2C7-B093-4BE0-BBA1-8AF7537588A4}"
EndProject
Global
	GlobalSection(SolutionConfigurationPlatforms) = preSolution
		Debug|Any CPU = Debug|Any CPU
		Release|Any CPU = Release|Any CPU
	EndGlobalSection
	GlobalSection(ProjectConfigurationPlatforms) = postSolution
		{4923F2C7-B093-4BE0-BBA1-8AF7537588A4}.Debug|Any CPU.ActiveCfg = Debug|Any CPU
		{4923F2C7-B093-4BE0-BBA1-8AF7537588A4}.Debug|Any CPU.Build.0 = Debug|Any CPU
		{4923F2C7-B093-4BE0-BBA1-8AF7537588A4}.Release|Any CPU.ActiveCfg = Release|Any CPU
		{4923F2C7-B093-4BE0-BBA1-8AF7537588A4}.Release|Any CPU.Build.0 = Release|Any CPU
	EndGlobalSection
	GlobalSection(SolutionProperties) = preSolution
		HideSolutionNode = FALSE
	EndGlobalSection
	GlobalSection(ExtensibilityGlobals) = postSolution
		SolutionGuid = {65401823-B1E5-4AC0-9184-3186FD38E333}
	EndGlobalSection
EndGlobal
